# THIS IS AN AUTOGENERATED FILE. DO NOT EDIT THIS FILE DIRECTLY.
# yarn lockfile v1


"@hapi/hoek@^9.0.0":
  "integrity" "sha512-EwaJS7RjoXUZ2cXXKZZxZqieGtc7RbvQhUy8FwDoMQtxWVi14tFjeFCYPZAM1mBCpOpiBpyaZbb9NeHc7eGKgw=="
  "resolved" "https://registry.npmjs.org/@hapi/hoek/-/hoek-9.0.4.tgz"
  "version" "9.0.4"

"@hapi/topo@^5.0.0":
  "integrity" "sha512-tFJlT47db0kMqVm3H4nQYgn6Pwg10GTZHb1pwmSiv1K4ks6drQOtfEF5ZnPjkvC+y4/bUPHK+bc87QvLcL+WMw=="
  "resolved" "https://registry.npmjs.org/@hapi/topo/-/topo-5.0.0.tgz"
  "version" "5.0.0"
